
Microsoft Visual Studio Solution File, Format Version 12.00
# Visual Studio 15
VisualStudioVersion = 15.0.28307.489
MinimumVisualStudioVersion = 10.0.40219.1
Project("{FAE04EC0-301F-11D3-BF4B-00C04F79EFBC}") = "RestWebAPI", "RestWebAPI\RestWebAPI.csproj", "{0432636A-5798-4C4E-A0C7-6E625DEFCD33}"
EndProject
Global
	GlobalSection(SolutionConfigurationPlatforms) = preSolution
		Debug|Any CPU = Debug|Any CPU
		Release|Any CPU = Release|Any CPU
	EndGlobalSection
	GlobalSection(ProjectConfigurationPlatforms) = postSolution
		{0432636A-5798-4C4E-A0C7-6E625DEFCD33}.Debug|Any CPU.ActiveCfg = Debug|Any CPU
		{0432636A-5798-4C4E-A0C7-6E625DEFCD33}.Debug|Any CPU.Build.0 = Debug|Any CPU
		{0432636A-5798-4C4E-A0C7-6E625DEFCD33}.Release|Any CPU.ActiveCfg = Release|Any CPU
		{0432636A-5798-4C4E-A0C7-6E625DEFCD33}.Release|Any CPU.Build.0 = Release|Any CPU
	EndGlobalSection
	GlobalSection(SolutionProperties) = preSolution
		HideSolutionNode = FALSE
	EndGlobalSection
	GlobalSection(ExtensibilityGlobals) = postSolution
		SolutionGuid = {7E98370D-0CA5-4B37-8AF8-FE64DACCC805}
	EndGlobalSection
EndGlobal
